
Microsoft Visual Studio Solution File, Format Version 12.00
# Visual Studio Version 16
VisualStudioVersion = 16.0.30413.136
MinimumVisualStudioVersion = 10.0.40219.1
Project("{FAE04EC0-301F-11D3-BF4B-00C04F79EFBC}") = "VisualStudio2019CsGitDemo", "VisualStudio2019CsGitDemo.csproj", "{3B1C75A4-6EA4-4023-BD29-E221C2866002}"
EndProject
Global
	GlobalSection(SolutionConfigurationPlatforms) = preSolution
		Debug|Any CPU = Debug|Any CPU
		Release|Any CPU = Release|Any CPU
	EndGlobalSection
	GlobalSection(ProjectConfigurationPlatforms) = postSolution
		{3B1C75A4-6EA4-4023-BD29-E221C2866002}.Debug|Any CPU.ActiveCfg = Debug|Any CPU
		{3B1C75A4-6EA4-4023-BD29-E221C2866002}.Debug|Any CPU.Build.0 = Debug|Any CPU
		{3B1C75A4-6EA4-4023-BD29-E221C2866002}.Release|Any CPU.ActiveCfg = Release|Any CPU
		{3B1C75A4-6EA4-4023-BD29-E221C2866002}.Release|Any CPU.Build.0 = Release|Any CPU
	EndGlobalSection
	GlobalSection(SolutionProperties) = preSolution
		HideSolutionNode = FALSE
	EndGlobalSection
	GlobalSection(ExtensibilityGlobals) = postSolution
		SolutionGuid = {C6FE1D4E-677F-4510-A78F-90BE6EFE7D97}
	EndGlobalSection
EndGlobal
